
Microsoft Visual Studio Solution File, Format Version 12.00
# Visual Studio Version 16
VisualStudioVersion = 16.0.31911.196
MinimumVisualStudioVersion = 10.0.40219.1
Project("{FAE04EC0-301F-11D3-BF4B-00C04F79EFBC}") = "CarControl", "CarControl\CarControl.csproj", "{A3B05BEC-3B75-4A0B-86CB-DC06CE34AE68}"
EndProject
Global
	GlobalSection(SolutionConfigurationPlatforms) = preSolution
		Debug|Any CPU = Debug|Any CPU
		Release|Any CPU = Release|Any CPU
	EndGlobalSection
	GlobalSection(ProjectConfigurationPlatforms) = postSolution
		{A3B05BEC-3B75-4A0B-86CB-DC06CE34AE68}.Debug|Any CPU.ActiveCfg = Debug|Any CPU
		{A3B05BEC-3B75-4A0B-86CB-DC06CE34AE68}.Debug|Any CPU.Build.0 = Debug|Any CPU
		{A3B05BEC-3B75-4A0B-86CB-DC06CE34AE68}.Release|Any CPU.ActiveCfg = Release|Any CPU
		{A3B05BEC-3B75-4A0B-86CB-DC06CE34AE68}.Release|Any CPU.Build.0 = Release|Any CPU
	EndGlobalSection
	GlobalSection(SolutionProperties) = preSolution
		HideSolutionNode = FALSE
	EndGlobalSection
	GlobalSection(ExtensibilityGlobals) = postSolution
		SolutionGuid = {89DA21CA-25F5-4AE6-BC2A-473377B16F9E}
	EndGlobalSection
EndGlobal
